
Microsoft Visual Studio Solution File, Format Version 12.00
# Visual Studio Version 17
VisualStudioVersion = 17.8.34309.116
MinimumVisualStudioVersion = 10.0.40219.1
Project("{9A19103F-16F7-4668-BE54-9A1E7A4F7556}") = "Project #1", "Project #1\Project #1.csproj", "{F1E855FA-D920-48EE-BD63-769914B970CA}"
EndProject
Project("{E53339B2-1760-4266-BCC7-CA923CBCF16C}") = "docker-compose", "docker-compose.dcproj", "{EC87AB6A-67BC-4147-8366-77175BB44D6A}"
EndProject
Global
	GlobalSection(SolutionConfigurationPlatforms) = preSolution
		Debug|Any CPU = Debug|Any CPU
		Release|Any CPU = Release|Any CPU
	EndGlobalSection
	GlobalSection(ProjectConfigurationPlatforms) = postSolution
		{F1E855FA-D920-48EE-BD63-769914B970CA}.Debug|Any CPU.ActiveCfg = Debug|Any CPU
		{F1E855FA-D920-48EE-BD63-769914B970CA}.Debug|Any CPU.Build.0 = Debug|Any CPU
		{F1E855FA-D920-48EE-BD63-769914B970CA}.Release|Any CPU.ActiveCfg = Release|Any CPU
		{F1E855FA-D920-48EE-BD63-769914B970CA}.Release|Any CPU.Build.0 = Release|Any CPU
		{EC87AB6A-67BC-4147-8366-77175BB44D6A}.Debug|Any CPU.ActiveCfg = Debug|Any CPU
		{EC87AB6A-67BC-4147-8366-77175BB44D6A}.Debug|Any CPU.Build.0 = Debug|Any CPU
		{EC87AB6A-67BC-4147-8366-77175BB44D6A}.Release|Any CPU.ActiveCfg = Release|Any CPU
		{EC87AB6A-67BC-4147-8366-77175BB44D6A}.Release|Any CPU.Build.0 = Release|Any CPU
	EndGlobalSection
	GlobalSection(SolutionProperties) = preSolution
		HideSolutionNode = FALSE
	EndGlobalSection
	GlobalSection(ExtensibilityGlobals) = postSolution
		SolutionGuid = {6393DAAE-C246-435E-9A91-A9DF37D1F720}
	EndGlobalSection
EndGlobal
