
Microsoft Visual Studio Solution File, Format Version 12.00
# Visual Studio Version 17
VisualStudioVersion = 17.7.34202.233
MinimumVisualStudioVersion = 10.0.40219.1
Project("{FAE04EC0-301F-11D3-BF4B-00C04F79EFBC}") = "SysML-Sync", "SysML-Sync\SysML-Sync.csproj", "{6EDC1B1F-9450-4B7A-BDF1-EE9BE3A04416}"
EndProject
Global
	GlobalSection(SolutionConfigurationPlatforms) = preSolution
		Debug|Any CPU = Debug|Any CPU
		Release|Any CPU = Release|Any CPU
	EndGlobalSection
	GlobalSection(ProjectConfigurationPlatforms) = postSolution
		{6EDC1B1F-9450-4B7A-BDF1-EE9BE3A04416}.Debug|Any CPU.ActiveCfg = Debug|Any CPU
		{6EDC1B1F-9450-4B7A-BDF1-EE9BE3A04416}.Debug|Any CPU.Build.0 = Debug|Any CPU
		{6EDC1B1F-9450-4B7A-BDF1-EE9BE3A04416}.Release|Any CPU.ActiveCfg = Release|Any CPU
		{6EDC1B1F-9450-4B7A-BDF1-EE9BE3A04416}.Release|Any CPU.Build.0 = Release|Any CPU
	EndGlobalSection
	GlobalSection(SolutionProperties) = preSolution
		HideSolutionNode = FALSE
	EndGlobalSection
	GlobalSection(ExtensibilityGlobals) = postSolution
		SolutionGuid = {F7950825-C339-486F-8638-A0F85937F5D5}
	EndGlobalSection
EndGlobal
